
Microsoft Visual Studio Solution File, Format Version 12.00
# Visual Studio 15
VisualStudioVersion = 15.0.26228.4
MinimumVisualStudioVersion = 10.0.40219.1
Project("{FAE04EC0-301F-11D3-BF4B-00C04F79EFBC}") = "GcSite.BackSys.DAL", "GcSite.BackSys.DAL\GcSite.BackSys.DAL.csproj", "{3359977A-8DE0-4929-AC85-15205F9E0EF1}"
EndProject
Project("{FAE04EC0-301F-11D3-BF4B-00C04F79EFBC}") = "GcSite.BackSys.BLL", "GcSite.BackSys.BLL\GcSite.BackSys.BLL.csproj", "{53A69A6A-DE15-4480-ADD0-49B71458A03C}"
EndProject
Project("{FAE04EC0-301F-11D3-BF4B-00C04F79EFBC}") = "GcSite.BackSys.UI", "GcSite.BackSys.UI\GcSite.BackSys.UI.csproj", "{D6F2A85A-85FA-4B03-BE5F-1439417F76E9}"
EndProject
Project("{FAE04EC0-301F-11D3-BF4B-00C04F79EFBC}") = "GcSite.BackSys.Models", "GcSite.BackSys.Models\GcSite.BackSys.Models.csproj", "{D9F53487-7B83-4449-A122-D1E91D540325}"
EndProject
Project("{FAE04EC0-301F-11D3-BF4B-00C04F79EFBC}") = "GcSite.BackSys.Common", "GcSite.BackSys.Common\GcSite.BackSys.Common.csproj", "{5E614E89-3011-4129-831C-645D89686D66}"
EndProject
Global
	GlobalSection(SolutionConfigurationPlatforms) = preSolution
		Debug|Any CPU = Debug|Any CPU
		Release|Any CPU = Release|Any CPU
	EndGlobalSection
	GlobalSection(ProjectConfigurationPlatforms) = postSolution
		{3359977A-8DE0-4929-AC85-15205F9E0EF1}.Debug|Any CPU.ActiveCfg = Debug|Any CPU
		{3359977A-8DE0-4929-AC85-15205F9E0EF1}.Debug|Any CPU.Build.0 = Debug|Any CPU
		{3359977A-8DE0-4929-AC85-15205F9E0EF1}.Release|Any CPU.ActiveCfg = Release|Any CPU
		{3359977A-8DE0-4929-AC85-15205F9E0EF1}.Release|Any CPU.Build.0 = Release|Any CPU
		{53A69A6A-DE15-4480-ADD0-49B71458A03C}.Debug|Any CPU.ActiveCfg = Debug|Any CPU
		{53A69A6A-DE15-4480-ADD0-49B71458A03C}.Debug|Any CPU.Build.0 = Debug|Any CPU
		{53A69A6A-DE15-4480-ADD0-49B71458A03C}.Release|Any CPU.ActiveCfg = Release|Any CPU
		{53A69A6A-DE15-4480-ADD0-49B71458A03C}.Release|Any CPU.Build.0 = Release|Any CPU
		{D6F2A85A-85FA-4B03-BE5F-1439417F76E9}.Debug|Any CPU.ActiveCfg = Debug|Any CPU
		{D6F2A85A-85FA-4B03-BE5F-1439417F76E9}.Debug|Any CPU.Build.0 = Debug|Any CPU
		{D6F2A85A-85FA-4B03-BE5F-1439417F76E9}.Release|Any CPU.ActiveCfg = Release|Any CPU
		{D6F2A85A-85FA-4B03-BE5F-1439417F76E9}.Release|Any CPU.Build.0 = Release|Any CPU
		{D9F53487-7B83-4449-A122-D1E91D540325}.Debug|Any CPU.ActiveCfg = Debug|Any CPU
		{D9F53487-7B83-4449-A122-D1E91D540325}.Debug|Any CPU.Build.0 = Debug|Any CPU
		{D9F53487-7B83-4449-A122-D1E91D540325}.Release|Any CPU.ActiveCfg = Release|Any CPU
		{D9F53487-7B83-4449-A122-D1E91D540325}.Release|Any CPU.Build.0 = Release|Any CPU
		{5E614E89-3011-4129-831C-645D89686D66}.Debug|Any CPU.ActiveCfg = Debug|Any CPU
		{5E614E89-3011-4129-831C-645D89686D66}.Debug|Any CPU.Build.0 = Debug|Any CPU
		{5E614E89-3011-4129-831C-645D89686D66}.Release|Any CPU.ActiveCfg = Release|Any CPU
		{5E614E89-3011-4129-831C-645D89686D66}.Release|Any CPU.Build.0 = Release|Any CPU
	EndGlobalSection
	GlobalSection(SolutionProperties) = preSolution
		HideSolutionNode = FALSE
	EndGlobalSection
EndGlobal
